{
  "name": "config",
  "lockfileVersion": 3,
  "requires": true,
  "packages": {
    "": {
      "dependencies": {
        "ags": "*",
        "gnim": "*"
      },
      "devDependencies": {
        "typescript": "^5.9.3"
      }
    },
    "../../../../../../../../nix/store/fa2z14gvf09bxf4z9jxp3vp7bj9833az-ags-js-lib": {
      "name": "ags",
      "version": "3.0.0",
      "license": "LGPL-2.1",
      "os": [
        "linux"
      ],
      "devDependencies": {
        "@eslint/js": "latest",
        "eslint": "latest",
        "typescript": "latest",
        "typescript-eslint": "latest"
      },
      "engines": {
        "gjs": ">=1.79.0"
      },
      "funding": {
        "type": "kofi",
        "url": "https://ko-fi.com/aylur"
      },
      "peerDependencies": {
        "gnim": "^1.8.2"
      }
    },
    "../../../../../../../../nix/store/fa2z14gvf09bxf4z9jxp3vp7bj9833az-ags-js-lib/node_modules/gnim": {
      "version": "1.8.2",
      "license": "MIT",
      "engines": {
        "gjs": ">=1.79.0"
      },
      "funding": {
        "type": "kofi",
        "url": "https://ko-fi.com/aylur"
      }
    },
    "node_modules/ags": {
      "resolved": "../../../../../../../../nix/store/fa2z14gvf09bxf4z9jxp3vp7bj9833az-ags-js-lib",
      "link": true
    },
    "node_modules/gnim": {
      "resolved": "../../../../../../../../nix/store/fa2z14gvf09bxf4z9jxp3vp7bj9833az-ags-js-lib/node_modules/gnim",
      "link": true
    },
    "node_modules/typescript": {
      "version": "5.9.3",
      "resolved": "https://registry.npmjs.org/typescript/-/typescript-5.9.3.tgz",
      "integrity": "sha512-jl1vZzPDinLr9eUt3J/t7V6FgNEw9QjvBPdysz9KfQDD41fQrC2Y4vKQdiaUpFT4bXlb1RHhLpp8wtm6M5TgSw==",
      "dev": true,
      "license": "Apache-2.0",
      "bin": {
        "tsc": "bin/tsc",
        "tsserver": "bin/tsserver"
      },
      "engines": {
        "node": ">=14.17"
      }
    }
  }
}
